
Microsoft Visual Studio Solution File, Format Version 12.00
# Visual Studio Version 17
VisualStudioVersion = 17.2.32616.157
MinimumVisualStudioVersion = 10.0.40219.1
Project("{9A19103F-16F7-4668-BE54-9A1E7A4F7556}") = "FamilyDetailsProject", "FamilyDetailsProject\FamilyDetailsProject.csproj", "{CD7A80C4-0C99-4FF3-AD67-694AE67FF30F}"
EndProject
Global
	GlobalSection(SolutionConfigurationPlatforms) = preSolution
		Debug|Any CPU = Debug|Any CPU
		Release|Any CPU = Release|Any CPU
	EndGlobalSection
	GlobalSection(ProjectConfigurationPlatforms) = postSolution
		{CD7A80C4-0C99-4FF3-AD67-694AE67FF30F}.Debug|Any CPU.ActiveCfg = Debug|Any CPU
		{CD7A80C4-0C99-4FF3-AD67-694AE67FF30F}.Debug|Any CPU.Build.0 = Debug|Any CPU
		{CD7A80C4-0C99-4FF3-AD67-694AE67FF30F}.Release|Any CPU.ActiveCfg = Release|Any CPU
		{CD7A80C4-0C99-4FF3-AD67-694AE67FF30F}.Release|Any CPU.Build.0 = Release|Any CPU
	EndGlobalSection
	GlobalSection(SolutionProperties) = preSolution
		HideSolutionNode = FALSE
	EndGlobalSection
	GlobalSection(ExtensibilityGlobals) = postSolution
		SolutionGuid = {29E8B10D-D948-4F3B-A276-A0045E896A7D}
	EndGlobalSection
EndGlobal
